// !$*UTF8*$!
{
	archiveVersion = 1;
	classes = {
	};
	objectVersion = 46;
	objects = {

/* Begin PBXBuildFile section */
		D46DC4511DD6FE2100DDCA0C /* AppDelegate.swift in Sources */ = {isa = PBXBuildFile; fileRef = D46DC4501DD6FE2100DDCA0C /* AppDelegate.swift */; };
		D46DC4531DD6FE2100DDCA0C /* ViewController.swift in Sources */ = {isa = PBXBuildFile; fileRef = D46DC4521DD6FE2100DDCA0C /* ViewController.swift */; };
		D46DC4561DD6FE2100DDCA0C /* Main.storyboard in Resources */ = {isa = PBXBuildFile; fileRef = D46DC4541DD6FE2100DDCA0C /* Main.storyboard */; };
		D46DC4581DD6FE2100DDCA0C /* Assets.xcassets in Resources */ = {isa = PBXBuildFile; fileRef = D46DC4571DD6FE2100DDCA0C /* Assets.xcassets */; };
		D46DC45B1DD6FE2100DDCA0C /* LaunchScreen.storyboard in Resources */ = {isa = PBXBuildFile; fileRef = D46DC4591DD6FE2100DDCA0C /* LaunchScreen.storyboard */; };
/* End PBXBuildFile section */

/* Begin PBXFileReference section */
		D46DC44D1DD6FE2100DDCA0C /* StopWatch.app */ = {isa = PBXFileReference; explicitFileType = wrapper.application; includeInIndex = 0; path = StopWatch.app; sourceTree = BUILT_PRODUCTS_DIR; };
		D46DC4501DD6FE2100DDCA0C /* AppDelegate.swift */ = {isa = PBXFileReference; lastKnownFileType = sourcecode.swift; path = AppDelegate.swift; sourceTree = "<group>"; };
		D46DC4521DD6FE2100DDCA0C /* ViewController.swift */ = {isa = PBXFileReference; lastKnownFileType = sourcecode.swift; path = ViewController.swift; sourceTree = "<group>"; };
		D46DC4551DD6FE2100DDCA0C /* Base */ = {isa = PBXFileReference; lastKnownFileType = file.storyboard; name = Base; path = Base.lproj/Main.storyboard; sourceTree = "<group>"; };
		D46DC4571DD6FE2100DDCA0C /* Assets.xcassets */ = {isa = PBXFileReference; lastKnownFileType = folder.assetcatalog; path = Assets.xcassets; sourceTree = "<group>"; };
		D46DC45A1DD6FE2100DDCA0C /* Base */ = {isa = PBXFileReference; lastKnownFileType = file.storyboard; name = Base; path = Base.lproj/LaunchScreen.storyboard; sourceTree = "<group>"; };
		D46DC45C1DD6FE2100DDCA0C /* Info.plist */ = {isa = PBXFileReference; lastKnownFileType = text.plist.xml; path = Info.plist; sourceTree = "<group>"; };
/* End PBXFileReference section */

/* Begin PBXFrameworksBuildPhase section */
		D46DC44A1DD6FE2100DDCA0C /* Frameworks */ = {
			isa = PBXFrameworksBuildPhase;
			buildActionMask = 2147483647;
			files = (
			);
			runOnlyForDeploymentPostprocessing = 0;
		};
/* End PBXFrameworksBuildPhase section */

/* Begin PBXGroup section */
		D46DC4441DD6FE2100DDCA0C = {
			isa = PBXGroup;
			children = (
				D46DC44F1DD6FE2100DDCA0C /* StopWatch */,
				D46DC44E1DD6FE2100DDCA0C /* Products */,
			);
			sourceTree = "<group>";
		};
		D46DC44E1DD6FE2100DDCA0C /* Products */ = {
			isa = PBXGroup;
			children = (
				D46DC44D1DD6FE2100DDCA0C /* StopWatch.app */,
			);
			name = Products;
			sourceTree = "<group>";
		};
		D46DC44F1DD6FE2100DDCA0C /* StopWatch */ = {
			isa = PBXGroup;
			children = (
				D46DC4501DD6FE2100DDCA0C /* AppDelegate.swift */,
				D46DC4521DD6FE2100DDCA0C /* ViewController.swift */,
				D46DC4541DD6FE2100DDCA0C /* Main.storyboard */,
				D46DC4571DD6FE2100DDCA0C /* Assets.xcassets */,
				D46DC4591DD6FE2100DDCA0C /* LaunchScreen.storyboard */,
				D46DC45C1DD6FE2100DDCA0C /* Info.plist */,
			);
			path = StopWatch;
			sourceTree = "<group>";
		};
/* End PBXGroup section */

/* Begin PBXNativeTarget section */
		D46DC44C1DD6FE2100DDCA0C /* StopWatch */ = {
			isa = PBXNativeTarget;
			buildConfigurationList = D46DC45F1DD6FE2100DDCA0C /* Build configuration list for PBXNativeTarget "StopWatch" */;
			buildPhases = (
				D46DC4491DD6FE2100DDCA0C /* Sources */,
				D46DC44A1DD6FE2100DDCA0C /* Frameworks */,
				D46DC44B1DD6FE2100DDCA0C /* Resources */,
			);
			buildRules = (
			);
			dependencies = (
			);
			name = StopWatch;
			productName = StopWatch;
			productReference = D46DC44D1DD6FE2100DDCA0C /* StopWatch.app */;
			productType = "com.apple.product-type.application";
		};
/* End PBXNativeTarget section */

/* Begin PBXProject section */
		D46DC4451DD6FE2100DDCA0C /* Project object */ = {
			isa = PBXProject;
			attributes = {
				LastSwiftUpdateCheck = 0810;
				LastUpgradeCheck = 0810;
				ORGANIZATIONNAME = "付晓";
				TargetAttributes = {
					D46DC44C1DD6FE2100DDCA0C = {
						CreatedOnToolsVersion = 8.1;
						DevelopmentTeam = TV8W463TTU;
						ProvisioningStyle = Automatic;
					};
				};
			};
			buildConfigurationList = D46DC4481DD6FE2100DDCA0C /* Build configuration list for PBXProject "StopWatch" */;
			compatibilityVersion = "Xcode 3.2";
			developmentRegion = English;
			hasScannedForEncodings = 0;
			knownRegions = (
				en,
				Base,
			);
			mainGroup = D46DC4441DD6FE2100DDCA0C;
			productRefGroup = D46DC44E1DD6FE2100DDCA0C /* Products */;
			projectDirPath = "";
			projectRoot = "";
			targets = (
				D46DC44C1DD6FE2100DDCA0C /* StopWatch */,
			);
		};
/* End PBXProject section */

/* Begin PBXResourcesBuildPhase section */
		D46DC44B1DD6FE2100DDCA0C /* Resources */ = {
			isa = PBXResourcesBuildPhase;
			buildActionMask = 2147483647;
			files = (
				D46DC45B1DD6FE2100DDCA0C /* LaunchScreen.storyboard in Resources */,
				D46DC4581DD6FE2100DDCA0C /* Assets.xcassets in Resources */,
				D46DC4561DD6FE2100DDCA0C /* Main.storyboard in Resources */,
			);
			runOnlyForDeploymentPostprocessing = 0;
		};
/* End PBXResourcesBuildPhase section */

/* Begin PBXSourcesBuildPhase section */
		D46DC4491DD6FE2100DDCA0C /* Sources */ = {
			isa = PBXSourcesBuildPhase;
			buildActionMask = 2147483647;
			files = (
				D46DC4531DD6FE2100DDCA0C /* ViewController.swift in Sources */,
				D46DC4511DD6FE2100DDCA0C /* AppDelegate.swift in Sources */,
			);
			runOnlyForDeploymentPostprocessing = 0;
		};
/* End PBXSourcesBuildPhase section */

/* Begin PBXVariantGroup section */
		D46DC4541DD6FE2100DDCA0C /* Main.storyboard */ = {
			isa = PBXVariantGroup;
			children = (
				D46DC4551DD6FE2100DDCA0C /* Base */,
			);
			name = Main.storyboard;
			sourceTree = "<group>";
		};
		D46DC4591DD6FE2100DDCA0C /* LaunchScreen.storyboard */ = {
			isa = PBXVariantGroup;
			children = (
				D46DC45A1DD6FE2100DDCA0C /* Base */,
			);
			name = LaunchScreen.storyboard;
			sourceTree = "<group>";
		};
/* End PBXVariantGroup section */

/* Begin XCBuildConfiguration section */
		D46DC45D1DD6FE2100DDCA0C /* Debug */ = {
			isa = XCBuildConfiguration;
			buildSettings = {
				ALWAYS_SEARCH_USER_PATHS = NO;
				CLANG_ANALYZER_NONNULL = YES;
				CLANG_CXX_LANGUAGE_STANDARD = "gnu++0x";
				CLANG_CXX_LIBRARY = "libc++";
				CLANG_ENABLE_MODULES = YES;
				CLANG_ENABLE_OBJC_ARC = YES;
				CLANG_WARN_BOOL_CONVERSION = YES;
				CLANG_WARN_CONSTANT_CONVERSION = YES;
				CLANG_WARN_DIRECT_OBJC_ISA_USAGE = YES_ERROR;
				CLANG_WARN_DOCUMENTATION_COMMENTS = YES;
				CLANG_WARN_EMPTY_BODY = YES;
				CLANG_WARN_ENUM_CONVERSION = YES;
				CLANG_WARN_INFINITE_RECURSION = YES;
				CLANG_WARN_INT_CONVERSION = YES;
				CLANG_WARN_OBJC_ROOT_CLASS = YES_ERROR;
				CLANG_WARN_SUSPICIOUS_MOVES = YES;
				CLANG_WARN_UNREACHABLE_CODE = YES;
				CLANG_WARN__DUPLICATE_METHOD_MATCH = YES;
				"CODE_SIGN_IDENTITY[sdk=iphoneos*]" = "iPhone Developer";
				COPY_PHASE_STRIP = NO;
				DEBUG_INFORMATION_FORMAT = dwarf;
				ENABLE_STRICT_OBJC_MSGSEND = YES;
				ENABLE_TESTABILITY = YES;
				GCC_C_LANGUAGE_STANDARD = gnu99;
				GCC_DYNAMIC_NO_PIC = NO;
				GCC_NO_COMMON_BLOCKS = YES;
				GCC_OPTIMIZATION_LEVEL = 0;
				GCC_PREPROCESSOR_DEFINITIONS = (
					"DEBUG=1",
					"$(inherited)",
				);
				GCC_WARN_64_TO_32_BIT_CONVERSION = YES;
				GCC_WARN_ABOUT_RETURN_TYPE = YES_ERROR;
				GCC_WARN_UNDECLARED_SELECTOR = YES;
				GCC_WARN_UNINITIALIZED_AUTOS = YES_AGGRESSIVE;
				GCC_WARN_UNUSED_FUNCTION = YES;
				GCC_WARN_UNUSED_VARIABLE = YES;
				IPHONEOS_DEPLOYMENT_TARGET = 10.1;
				MTL_ENABLE_DEBUG_INFO = YES;
				ONLY_ACTIVE_ARCH = YES;
				SDKROOT = iphoneos;
				SWIFT_ACTIVE_COMPILATION_CONDITIONS = DEBUG;
				SWIFT_OPTIMIZATION_LEVEL = "-Onone";
				TARGETED_DEVICE_FAMILY = "1,2";
			};
			name = Debug;
		};
		D46DC45E1DD6FE2100DDCA0C /* Release */ = {
			isa = XCBuildConfiguration;
			buildSettings = {
				ALWAYS_SEARCH_USER_PATHS = NO;
				CLANG_ANALYZER_NONNULL = YES;
				CLANG_CXX_LANGUAGE_STANDARD = "gnu++0x";
				CLANG_CXX_LIBRARY = "libc++";
				CLANG_ENABLE_MODULES = YES;
				CLANG_ENABLE_OBJC_ARC = YES;
				CLANG_WARN_BOOL_CONVERSION = YES;
				CLANG_WARN_CONSTANT_CONVERSION = YES;
				CLANG_WARN_DIRECT_OBJC_ISA_USAGE = YES_ERROR;
				CLANG_WARN_DOCUMENTATION_COMMENTS = YES;
				CLANG_WARN_EMPTY_BODY = YES;
				CLANG_WARN_ENUM_CONVERSION = YES;
				CLANG_WARN_INFINITE_RECURSION = YES;
				CLANG_WARN_INT_CONVERSION = YES;
				CLANG_WARN_OBJC_ROOT_CLASS = YES_ERROR;
				CLANG_WARN_SUSPICIOUS_MOVES = YES;
				CLANG_WARN_UNREACHABLE_CODE = YES;
				CLANG_WARN__DUPLICATE_METHOD_MATCH = YES;
				"CODE_SIGN_IDENTITY[sdk=iphoneos*]" = "iPhone Developer";
				COPY_PHASE_STRIP = NO;
				DEBUG_INFORMATION_FORMAT = "dwarf-with-dsym";
				ENABLE_NS_ASSERTIONS = NO;
				ENABLE_STRICT_OBJC_MSGSEND = YES;
				GCC_C_LANGUAGE_STANDARD = gnu99;
				GCC_NO_COMMON_BLOCKS = YES;
				GCC_WARN_64_TO_32_BIT_CONVERSION = YES;
				GCC_WARN_ABOUT_RETURN_TYPE = YES_ERROR;
				GCC_WARN_UNDECLARED_SELECTOR = YES;
				GCC_WARN_UNINITIALIZED_AUTOS = YES_AGGRESSIVE;
				GCC_WARN_UNUSED_FUNCTION = YES;
				GCC_WARN_UNUSED_VARIABLE = YES;
				IPHONEOS_DEPLOYMENT_TARGET = 10.1;
				MTL_ENABLE_DEBUG_INFO = NO;
				SDKROOT = iphoneos;
				SWIFT_OPTIMIZATION_LEVEL = "-Owholemodule";
				TARGETED_DEVICE_FAMILY = "1,2";
				VALIDATE_PRODUCT = YES;
			};
			name = Release;
		};
		D46DC4601DD6FE2100DDCA0C /* Debug */ = {
			isa = XCBuildConfiguration;
			buildSettings = {
				ASSETCATALOG_COMPILER_APPICON_NAME = AppIcon;
				DEVELOPMENT_TEAM = TV8W463TTU;
				INFOPLIST_FILE = StopWatch/Info.plist;
				LD_RUNPATH_SEARCH_PATHS = "$(inherited) @executable_path/Frameworks";
				PRODUCT_BUNDLE_IDENTIFIER = com.yhmnin.StopWatch;
				PRODUCT_NAME = "$(TARGET_NAME)";
				SWIFT_VERSION = 3.0;
			};
			name = Debug;
		};
		D46DC4611DD6FE2100DDCA0C /* Release */ = {
			isa = XCBuildConfiguration;
			buildSettings = {
				ASSETCATALOG_COMPILER_APPICON_NAME = AppIcon;
				DEVELOPMENT_TEAM = TV8W463TTU;
				INFOPLIST_FILE = StopWatch/Info.plist;
				LD_RUNPATH_SEARCH_PATHS = "$(inherited) @executable_path/Frameworks";
				PRODUCT_BUNDLE_IDENTIFIER = com.yhmnin.StopWatch;
				PRODUCT_NAME = "$(TARGET_NAME)";
				SWIFT_VERSION = 3.0;
			};
			name = Release;
		};
/* End XCBuildConfiguration section */

/* Begin XCConfigurationList section */
		D46DC4481DD6FE2100DDCA0C /* Build configuration list for PBXProject "StopWatch" */ = {
			isa = XCConfigurationList;
			buildConfigurations = (
				D46DC45D1DD6FE2100DDCA0C /* Debug */,
				D46DC45E1DD6FE2100DDCA0C /* Release */,
			);
			defaultConfigurationIsVisible = 0;
			defaultConfigurationName = Release;
		};
		D46DC45F1DD6FE2100DDCA0C /* Build configuration list for PBXNativeTarget "StopWatch" */ = {
			isa = XCConfigurationList;
			buildConfigurations = (
				D46DC4601DD6FE2100DDCA0C /* Debug */,
				D46DC4611DD6FE2100DDCA0C /* Release */,
			);
			defaultConfigurationIsVisible = 0;
		};
/* End XCConfigurationList section */
	};
	rootObject = D46DC4451DD6FE2100DDCA0C /* Project object */;
}
